
Microsoft Visual Studio Solution File, Format Version 12.00
# Visual Studio Version 16
VisualStudioVersion = 16.0.31129.286
MinimumVisualStudioVersion = 10.0.40219.1
Project("{FAE04EC0-301F-11D3-BF4B-00C04F79EFBC}") = "002 Ejericio con archivos", "002 Ejericio con archivos\002 Ejericio con archivos.csproj", "{8EE10AD9-254B-41E5-8F05-BC2C7C57EA6B}"
EndProject
Global
	GlobalSection(SolutionConfigurationPlatforms) = preSolution
		Debug|Any CPU = Debug|Any CPU
		Release|Any CPU = Release|Any CPU
	EndGlobalSection
	GlobalSection(ProjectConfigurationPlatforms) = postSolution
		{8EE10AD9-254B-41E5-8F05-BC2C7C57EA6B}.Debug|Any CPU.ActiveCfg = Debug|Any CPU
		{8EE10AD9-254B-41E5-8F05-BC2C7C57EA6B}.Debug|Any CPU.Build.0 = Debug|Any CPU
		{8EE10AD9-254B-41E5-8F05-BC2C7C57EA6B}.Release|Any CPU.ActiveCfg = Release|Any CPU
		{8EE10AD9-254B-41E5-8F05-BC2C7C57EA6B}.Release|Any CPU.Build.0 = Release|Any CPU
	EndGlobalSection
	GlobalSection(SolutionProperties) = preSolution
		HideSolutionNode = FALSE
	EndGlobalSection
	GlobalSection(ExtensibilityGlobals) = postSolution
		SolutionGuid = {65178471-9101-4260-B263-62ACE4B60F81}
	EndGlobalSection
EndGlobal
