
Microsoft Visual Studio Solution File, Format Version 12.00
# Visual Studio Version 16
VisualStudioVersion = 16.0.31129.286
MinimumVisualStudioVersion = 10.0.40219.1
Project("{FAE04EC0-301F-11D3-BF4B-00C04F79EFBC}") = "000 NumberForm", "000 NumberForm\000 NumberForm.csproj", "{2E874FB5-3EE0-4C63-8564-9C9C6D608CD3}"
EndProject
Global
	GlobalSection(SolutionConfigurationPlatforms) = preSolution
		Debug|Any CPU = Debug|Any CPU
		Release|Any CPU = Release|Any CPU
	EndGlobalSection
	GlobalSection(ProjectConfigurationPlatforms) = postSolution
		{2E874FB5-3EE0-4C63-8564-9C9C6D608CD3}.Debug|Any CPU.ActiveCfg = Debug|Any CPU
		{2E874FB5-3EE0-4C63-8564-9C9C6D608CD3}.Debug|Any CPU.Build.0 = Debug|Any CPU
		{2E874FB5-3EE0-4C63-8564-9C9C6D608CD3}.Release|Any CPU.ActiveCfg = Release|Any CPU
		{2E874FB5-3EE0-4C63-8564-9C9C6D608CD3}.Release|Any CPU.Build.0 = Release|Any CPU
	EndGlobalSection
	GlobalSection(SolutionProperties) = preSolution
		HideSolutionNode = FALSE
	EndGlobalSection
	GlobalSection(ExtensibilityGlobals) = postSolution
		SolutionGuid = {5CBDAB5C-30D4-484A-BD06-627B4820D969}
	EndGlobalSection
EndGlobal
